
Microsoft Visual Studio Solution File, Format Version 12.00
# Visual Studio 15
VisualStudioVersion = 15.0.28307.136
MinimumVisualStudioVersion = 10.0.40219.1
Project("{FAE04EC0-301F-11D3-BF4B-00C04F79EFBC}") = "Desafio1", "Desafio1\Desafio1.csproj", "{EB29A9F4-4EF1-4120-9565-0232DDC3F5F6}"
EndProject
Global
	GlobalSection(SolutionConfigurationPlatforms) = preSolution
		Debug|Any CPU = Debug|Any CPU
		Release|Any CPU = Release|Any CPU
	EndGlobalSection
	GlobalSection(ProjectConfigurationPlatforms) = postSolution
		{EB29A9F4-4EF1-4120-9565-0232DDC3F5F6}.Debug|Any CPU.ActiveCfg = Debug|Any CPU
		{EB29A9F4-4EF1-4120-9565-0232DDC3F5F6}.Debug|Any CPU.Build.0 = Debug|Any CPU
		{EB29A9F4-4EF1-4120-9565-0232DDC3F5F6}.Release|Any CPU.ActiveCfg = Release|Any CPU
		{EB29A9F4-4EF1-4120-9565-0232DDC3F5F6}.Release|Any CPU.Build.0 = Release|Any CPU
	EndGlobalSection
	GlobalSection(SolutionProperties) = preSolution
		HideSolutionNode = FALSE
	EndGlobalSection
	GlobalSection(ExtensibilityGlobals) = postSolution
		SolutionGuid = {4CBBB675-C1F2-4DBB-9F06-2046DE10765C}
	EndGlobalSection
EndGlobal
